
Microsoft Visual Studio Solution File, Format Version 12.00
# Visual Studio Version 16
VisualStudioVersion = 16.0.29319.158
MinimumVisualStudioVersion = 15.0.26124.0
Project("{9A19103F-16F7-4668-BE54-9A1E7A4F7556}") = "Iterator", "Iterator\Iterator.csproj", "{4C5F9C34-CB1F-4538-B778-A271959ABD2D}"
EndProject
Project("{FAE04EC0-301F-11D3-BF4B-00C04F79EFBC}") = "SimpleFactory", "SimpleFactory\SimpleFactory.csproj", "{58F9118F-7D0D-4DF9-97C1-29DA957323A8}"
EndProject
Project("{FAE04EC0-301F-11D3-BF4B-00C04F79EFBC}") = "FactoryMethod", "FactoryMethod\FactoryMethod.csproj", "{DF541518-ED56-4B97-9C9B-66C3BFD628EF}"
EndProject
Project("{FAE04EC0-301F-11D3-BF4B-00C04F79EFBC}") = "Builder", "Builder\Builder.csproj", "{CA15A93C-B0AB-4332-8C16-0C710BF7B6EE}"
EndProject
Project("{FAE04EC0-301F-11D3-BF4B-00C04F79EFBC}") = "Prototype", "Prototype\Prototype.csproj", "{B456DDBF-084E-44CC-BC8C-12E9486B5F96}"
EndProject
Project("{FAE04EC0-301F-11D3-BF4B-00C04F79EFBC}") = "Singleton", "Singleton\Singleton.csproj", "{ADFA9BF7-19A2-4C56-B29B-0A042FFE73C6}"
EndProject
Project("{FAE04EC0-301F-11D3-BF4B-00C04F79EFBC}") = "Adapter", "Adapter\Adapter.csproj", "{992D2572-8040-4B26-8B02-809A294874B5}"
EndProject
Project("{FAE04EC0-301F-11D3-BF4B-00C04F79EFBC}") = "Bridge", "Bridge\Bridge.csproj", "{5C27C782-FDC7-4F77-85C3-4C8052310DAA}"
EndProject
Project("{FAE04EC0-301F-11D3-BF4B-00C04F79EFBC}") = "Composite", "Composite\Composite.csproj", "{5B55AE73-3F9D-439D-A4A0-42DAAE38133E}"
EndProject
Project("{FAE04EC0-301F-11D3-BF4B-00C04F79EFBC}") = "Composite2", "Composite2\Composite2.csproj", "{0D39C049-F0A1-4199-838F-8EF970074153}"
EndProject
Project("{FAE04EC0-301F-11D3-BF4B-00C04F79EFBC}") = "Strategy", "Strategy\Strategy.csproj", "{3899DDF7-76F8-421E-BCE7-BBDA3E9E21A1}"
EndProject
Global
	GlobalSection(SolutionConfigurationPlatforms) = preSolution
		Debug|Any CPU = Debug|Any CPU
		Debug|x64 = Debug|x64
		Debug|x86 = Debug|x86
		Release|Any CPU = Release|Any CPU
		Release|x64 = Release|x64
		Release|x86 = Release|x86
	EndGlobalSection
	GlobalSection(ProjectConfigurationPlatforms) = postSolution
		{4C5F9C34-CB1F-4538-B778-A271959ABD2D}.Debug|Any CPU.ActiveCfg = Debug|Any CPU
		{4C5F9C34-CB1F-4538-B778-A271959ABD2D}.Debug|Any CPU.Build.0 = Debug|Any CPU
		{4C5F9C34-CB1F-4538-B778-A271959ABD2D}.Debug|x64.ActiveCfg = Debug|Any CPU
		{4C5F9C34-CB1F-4538-B778-A271959ABD2D}.Debug|x64.Build.0 = Debug|Any CPU
		{4C5F9C34-CB1F-4538-B778-A271959ABD2D}.Debug|x86.ActiveCfg = Debug|Any CPU
		{4C5F9C34-CB1F-4538-B778-A271959ABD2D}.Debug|x86.Build.0 = Debug|Any CPU
		{4C5F9C34-CB1F-4538-B778-A271959ABD2D}.Release|Any CPU.ActiveCfg = Release|Any CPU
		{4C5F9C34-CB1F-4538-B778-A271959ABD2D}.Release|Any CPU.Build.0 = Release|Any CPU
		{4C5F9C34-CB1F-4538-B778-A271959ABD2D}.Release|x64.ActiveCfg = Release|Any CPU
		{4C5F9C34-CB1F-4538-B778-A271959ABD2D}.Release|x64.Build.0 = Release|Any CPU
		{4C5F9C34-CB1F-4538-B778-A271959ABD2D}.Release|x86.ActiveCfg = Release|Any CPU
		{4C5F9C34-CB1F-4538-B778-A271959ABD2D}.Release|x86.Build.0 = Release|Any CPU
		{58F9118F-7D0D-4DF9-97C1-29DA957323A8}.Debug|Any CPU.ActiveCfg = Debug|Any CPU
		{58F9118F-7D0D-4DF9-97C1-29DA957323A8}.Debug|Any CPU.Build.0 = Debug|Any CPU
		{58F9118F-7D0D-4DF9-97C1-29DA957323A8}.Debug|x64.ActiveCfg = Debug|Any CPU
		{58F9118F-7D0D-4DF9-97C1-29DA957323A8}.Debug|x64.Build.0 = Debug|Any CPU
		{58F9118F-7D0D-4DF9-97C1-29DA957323A8}.Debug|x86.ActiveCfg = Debug|Any CPU
		{58F9118F-7D0D-4DF9-97C1-29DA957323A8}.Debug|x86.Build.0 = Debug|Any CPU
		{58F9118F-7D0D-4DF9-97C1-29DA957323A8}.Release|Any CPU.ActiveCfg = Release|Any CPU
		{58F9118F-7D0D-4DF9-97C1-29DA957323A8}.Release|Any CPU.Build.0 = Release|Any CPU
		{58F9118F-7D0D-4DF9-97C1-29DA957323A8}.Release|x64.ActiveCfg = Release|Any CPU
		{58F9118F-7D0D-4DF9-97C1-29DA957323A8}.Release|x64.Build.0 = Release|Any CPU
		{58F9118F-7D0D-4DF9-97C1-29DA957323A8}.Release|x86.ActiveCfg = Release|Any CPU
		{58F9118F-7D0D-4DF9-97C1-29DA957323A8}.Release|x86.Build.0 = Release|Any CPU
		{DF541518-ED56-4B97-9C9B-66C3BFD628EF}.Debug|Any CPU.ActiveCfg = Debug|Any CPU
		{DF541518-ED56-4B97-9C9B-66C3BFD628EF}.Debug|Any CPU.Build.0 = Debug|Any CPU
		{DF541518-ED56-4B97-9C9B-66C3BFD628EF}.Debug|x64.ActiveCfg = Debug|Any CPU
		{DF541518-ED56-4B97-9C9B-66C3BFD628EF}.Debug|x64.Build.0 = Debug|Any CPU
		{DF541518-ED56-4B97-9C9B-66C3BFD628EF}.Debug|x86.ActiveCfg = Debug|Any CPU
		{DF541518-ED56-4B97-9C9B-66C3BFD628EF}.Debug|x86.Build.0 = Debug|Any CPU
		{DF541518-ED56-4B97-9C9B-66C3BFD628EF}.Release|Any CPU.ActiveCfg = Release|Any CPU
		{DF541518-ED56-4B97-9C9B-66C3BFD628EF}.Release|Any CPU.Build.0 = Release|Any CPU
		{DF541518-ED56-4B97-9C9B-66C3BFD628EF}.Release|x64.ActiveCfg = Release|Any CPU
		{DF541518-ED56-4B97-9C9B-66C3BFD628EF}.Release|x64.Build.0 = Release|Any CPU
		{DF541518-ED56-4B97-9C9B-66C3BFD628EF}.Release|x86.ActiveCfg = Release|Any CPU
		{DF541518-ED56-4B97-9C9B-66C3BFD628EF}.Release|x86.Build.0 = Release|Any CPU
		{CA15A93C-B0AB-4332-8C16-0C710BF7B6EE}.Debug|Any CPU.ActiveCfg = Debug|Any CPU
		{CA15A93C-B0AB-4332-8C16-0C710BF7B6EE}.Debug|Any CPU.Build.0 = Debug|Any CPU
		{CA15A93C-B0AB-4332-8C16-0C710BF7B6EE}.Debug|x64.ActiveCfg = Debug|Any CPU
		{CA15A93C-B0AB-4332-8C16-0C710BF7B6EE}.Debug|x64.Build.0 = Debug|Any CPU
		{CA15A93C-B0AB-4332-8C16-0C710BF7B6EE}.Debug|x86.ActiveCfg = Debug|Any CPU
		{CA15A93C-B0AB-4332-8C16-0C710BF7B6EE}.Debug|x86.Build.0 = Debug|Any CPU
		{CA15A93C-B0AB-4332-8C16-0C710BF7B6EE}.Release|Any CPU.ActiveCfg = Release|Any CPU
		{CA15A93C-B0AB-4332-8C16-0C710BF7B6EE}.Release|Any CPU.Build.0 = Release|Any CPU
		{CA15A93C-B0AB-4332-8C16-0C710BF7B6EE}.Release|x64.ActiveCfg = Release|Any CPU
		{CA15A93C-B0AB-4332-8C16-0C710BF7B6EE}.Release|x64.Build.0 = Release|Any CPU
		{CA15A93C-B0AB-4332-8C16-0C710BF7B6EE}.Release|x86.ActiveCfg = Release|Any CPU
		{CA15A93C-B0AB-4332-8C16-0C710BF7B6EE}.Release|x86.Build.0 = Release|Any CPU
		{B456DDBF-084E-44CC-BC8C-12E9486B5F96}.Debug|Any CPU.ActiveCfg = Debug|Any CPU
		{B456DDBF-084E-44CC-BC8C-12E9486B5F96}.Debug|Any CPU.Build.0 = Debug|Any CPU
		{B456DDBF-084E-44CC-BC8C-12E9486B5F96}.Debug|x64.ActiveCfg = Debug|Any CPU
		{B456DDBF-084E-44CC-BC8C-12E9486B5F96}.Debug|x64.Build.0 = Debug|Any CPU
		{B456DDBF-084E-44CC-BC8C-12E9486B5F96}.Debug|x86.ActiveCfg = Debug|Any CPU
		{B456DDBF-084E-44CC-BC8C-12E9486B5F96}.Debug|x86.Build.0 = Debug|Any CPU
		{B456DDBF-084E-44CC-BC8C-12E9486B5F96}.Release|Any CPU.ActiveCfg = Release|Any CPU
		{B456DDBF-084E-44CC-BC8C-12E9486B5F96}.Release|Any CPU.Build.0 = Release|Any CPU
		{B456DDBF-084E-44CC-BC8C-12E9486B5F96}.Release|x64.ActiveCfg = Release|Any CPU
		{B456DDBF-084E-44CC-BC8C-12E9486B5F96}.Release|x64.Build.0 = Release|Any CPU
		{B456DDBF-084E-44CC-BC8C-12E9486B5F96}.Release|x86.ActiveCfg = Release|Any CPU
		{B456DDBF-084E-44CC-BC8C-12E9486B5F96}.Release|x86.Build.0 = Release|Any CPU
		{ADFA9BF7-19A2-4C56-B29B-0A042FFE73C6}.Debug|Any CPU.ActiveCfg = Debug|Any CPU
		{ADFA9BF7-19A2-4C56-B29B-0A042FFE73C6}.Debug|Any CPU.Build.0 = Debug|Any CPU
		{ADFA9BF7-19A2-4C56-B29B-0A042FFE73C6}.Debug|x64.ActiveCfg = Debug|Any CPU
		{ADFA9BF7-19A2-4C56-B29B-0A042FFE73C6}.Debug|x64.Build.0 = Debug|Any CPU
		{ADFA9BF7-19A2-4C56-B29B-0A042FFE73C6}.Debug|x86.ActiveCfg = Debug|Any CPU
		{ADFA9BF7-19A2-4C56-B29B-0A042FFE73C6}.Debug|x86.Build.0 = Debug|Any CPU
		{ADFA9BF7-19A2-4C56-B29B-0A042FFE73C6}.Release|Any CPU.ActiveCfg = Release|Any CPU
		{ADFA9BF7-19A2-4C56-B29B-0A042FFE73C6}.Release|Any CPU.Build.0 = Release|Any CPU
		{ADFA9BF7-19A2-4C56-B29B-0A042FFE73C6}.Release|x64.ActiveCfg = Release|Any CPU
		{ADFA9BF7-19A2-4C56-B29B-0A042FFE73C6}.Release|x64.Build.0 = Release|Any CPU
		{ADFA9BF7-19A2-4C56-B29B-0A042FFE73C6}.Release|x86.ActiveCfg = Release|Any CPU
		{ADFA9BF7-19A2-4C56-B29B-0A042FFE73C6}.Release|x86.Build.0 = Release|Any CPU
		{992D2572-8040-4B26-8B02-809A294874B5}.Debug|Any CPU.ActiveCfg = Debug|Any CPU
		{992D2572-8040-4B26-8B02-809A294874B5}.Debug|Any CPU.Build.0 = Debug|Any CPU
		{992D2572-8040-4B26-8B02-809A294874B5}.Debug|x64.ActiveCfg = Debug|Any CPU
		{992D2572-8040-4B26-8B02-809A294874B5}.Debug|x64.Build.0 = Debug|Any CPU
		{992D2572-8040-4B26-8B02-809A294874B5}.Debug|x86.ActiveCfg = Debug|Any CPU
		{992D2572-8040-4B26-8B02-809A294874B5}.Debug|x86.Build.0 = Debug|Any CPU
		{992D2572-8040-4B26-8B02-809A294874B5}.Release|Any CPU.ActiveCfg = Release|Any CPU
		{992D2572-8040-4B26-8B02-809A294874B5}.Release|Any CPU.Build.0 = Release|Any CPU
		{992D2572-8040-4B26-8B02-809A294874B5}.Release|x64.ActiveCfg = Release|Any CPU
		{992D2572-8040-4B26-8B02-809A294874B5}.Release|x64.Build.0 = Release|Any CPU
		{992D2572-8040-4B26-8B02-809A294874B5}.Release|x86.ActiveCfg = Release|Any CPU
		{992D2572-8040-4B26-8B02-809A294874B5}.Release|x86.Build.0 = Release|Any CPU
		{5C27C782-FDC7-4F77-85C3-4C8052310DAA}.Debug|Any CPU.ActiveCfg = Debug|Any CPU
		{5C27C782-FDC7-4F77-85C3-4C8052310DAA}.Debug|Any CPU.Build.0 = Debug|Any CPU
		{5C27C782-FDC7-4F77-85C3-4C8052310DAA}.Debug|x64.ActiveCfg = Debug|Any CPU
		{5C27C782-FDC7-4F77-85C3-4C8052310DAA}.Debug|x64.Build.0 = Debug|Any CPU
		{5C27C782-FDC7-4F77-85C3-4C8052310DAA}.Debug|x86.ActiveCfg = Debug|Any CPU
		{5C27C782-FDC7-4F77-85C3-4C8052310DAA}.Debug|x86.Build.0 = Debug|Any CPU
		{5C27C782-FDC7-4F77-85C3-4C8052310DAA}.Release|Any CPU.ActiveCfg = Release|Any CPU
		{5C27C782-FDC7-4F77-85C3-4C8052310DAA}.Release|Any CPU.Build.0 = Release|Any CPU
		{5C27C782-FDC7-4F77-85C3-4C8052310DAA}.Release|x64.ActiveCfg = Release|Any CPU
		{5C27C782-FDC7-4F77-85C3-4C8052310DAA}.Release|x64.Build.0 = Release|Any CPU
		{5C27C782-FDC7-4F77-85C3-4C8052310DAA}.Release|x86.ActiveCfg = Release|Any CPU
		{5C27C782-FDC7-4F77-85C3-4C8052310DAA}.Release|x86.Build.0 = Release|Any CPU
		{5B55AE73-3F9D-439D-A4A0-42DAAE38133E}.Debug|Any CPU.ActiveCfg = Debug|Any CPU
		{5B55AE73-3F9D-439D-A4A0-42DAAE38133E}.Debug|Any CPU.Build.0 = Debug|Any CPU
		{5B55AE73-3F9D-439D-A4A0-42DAAE38133E}.Debug|x64.ActiveCfg = Debug|Any CPU
		{5B55AE73-3F9D-439D-A4A0-42DAAE38133E}.Debug|x64.Build.0 = Debug|Any CPU
		{5B55AE73-3F9D-439D-A4A0-42DAAE38133E}.Debug|x86.ActiveCfg = Debug|Any CPU
		{5B55AE73-3F9D-439D-A4A0-42DAAE38133E}.Debug|x86.Build.0 = Debug|Any CPU
		{5B55AE73-3F9D-439D-A4A0-42DAAE38133E}.Release|Any CPU.ActiveCfg = Release|Any CPU
		{5B55AE73-3F9D-439D-A4A0-42DAAE38133E}.Release|Any CPU.Build.0 = Release|Any CPU
		{5B55AE73-3F9D-439D-A4A0-42DAAE38133E}.Release|x64.ActiveCfg = Release|Any CPU
		{5B55AE73-3F9D-439D-A4A0-42DAAE38133E}.Release|x64.Build.0 = Release|Any CPU
		{5B55AE73-3F9D-439D-A4A0-42DAAE38133E}.Release|x86.ActiveCfg = Release|Any CPU
		{5B55AE73-3F9D-439D-A4A0-42DAAE38133E}.Release|x86.Build.0 = Release|Any CPU
		{0D39C049-F0A1-4199-838F-8EF970074153}.Debug|Any CPU.ActiveCfg = Debug|Any CPU
		{0D39C049-F0A1-4199-838F-8EF970074153}.Debug|Any CPU.Build.0 = Debug|Any CPU
		{0D39C049-F0A1-4199-838F-8EF970074153}.Debug|x64.ActiveCfg = Debug|Any CPU
		{0D39C049-F0A1-4199-838F-8EF970074153}.Debug|x64.Build.0 = Debug|Any CPU
		{0D39C049-F0A1-4199-838F-8EF970074153}.Debug|x86.ActiveCfg = Debug|Any CPU
		{0D39C049-F0A1-4199-838F-8EF970074153}.Debug|x86.Build.0 = Debug|Any CPU
		{0D39C049-F0A1-4199-838F-8EF970074153}.Release|Any CPU.ActiveCfg = Release|Any CPU
		{0D39C049-F0A1-4199-838F-8EF970074153}.Release|Any CPU.Build.0 = Release|Any CPU
		{0D39C049-F0A1-4199-838F-8EF970074153}.Release|x64.ActiveCfg = Release|Any CPU
		{0D39C049-F0A1-4199-838F-8EF970074153}.Release|x64.Build.0 = Release|Any CPU
		{0D39C049-F0A1-4199-838F-8EF970074153}.Release|x86.ActiveCfg = Release|Any CPU
		{0D39C049-F0A1-4199-838F-8EF970074153}.Release|x86.Build.0 = Release|Any CPU
		{3899DDF7-76F8-421E-BCE7-BBDA3E9E21A1}.Debug|Any CPU.ActiveCfg = Debug|Any CPU
		{3899DDF7-76F8-421E-BCE7-BBDA3E9E21A1}.Debug|Any CPU.Build.0 = Debug|Any CPU
		{3899DDF7-76F8-421E-BCE7-BBDA3E9E21A1}.Debug|x64.ActiveCfg = Debug|Any CPU
		{3899DDF7-76F8-421E-BCE7-BBDA3E9E21A1}.Debug|x64.Build.0 = Debug|Any CPU
		{3899DDF7-76F8-421E-BCE7-BBDA3E9E21A1}.Debug|x86.ActiveCfg = Debug|Any CPU
		{3899DDF7-76F8-421E-BCE7-BBDA3E9E21A1}.Debug|x86.Build.0 = Debug|Any CPU
		{3899DDF7-76F8-421E-BCE7-BBDA3E9E21A1}.Release|Any CPU.ActiveCfg = Release|Any CPU
		{3899DDF7-76F8-421E-BCE7-BBDA3E9E21A1}.Release|Any CPU.Build.0 = Release|Any CPU
		{3899DDF7-76F8-421E-BCE7-BBDA3E9E21A1}.Release|x64.ActiveCfg = Release|Any CPU
		{3899DDF7-76F8-421E-BCE7-BBDA3E9E21A1}.Release|x64.Build.0 = Release|Any CPU
		{3899DDF7-76F8-421E-BCE7-BBDA3E9E21A1}.Release|x86.ActiveCfg = Release|Any CPU
		{3899DDF7-76F8-421E-BCE7-BBDA3E9E21A1}.Release|x86.Build.0 = Release|Any CPU
	EndGlobalSection
	GlobalSection(SolutionProperties) = preSolution
		HideSolutionNode = FALSE
	EndGlobalSection
	GlobalSection(ExtensibilityGlobals) = postSolution
		SolutionGuid = {177265F1-8B98-4649-810C-F824493996EA}
	EndGlobalSection
EndGlobal
